// !$*UTF8*$!
{
	archiveVersion = 1;
	classes = {
	};
	objectVersion = 56;
	objects = {

/* Begin PBXBuildFile section */
		2730904B2A1706EA000635DB /* SidebarType.swift in Sources */ = {isa = PBXBuildFile; fileRef = 2730904A2A1706EA000635DB /* SidebarType.swift */; };
		2730904F2A171DF6000635DB /* ToolbarView.swift in Sources */ = {isa = PBXBuildFile; fileRef = 2730904E2A171DF6000635DB /* ToolbarView.swift */; };
		274F16842A18B73F00245222 /* MenuCommand.swift in Sources */ = {isa = PBXBuildFile; fileRef = 274F16832A18B73F00245222 /* MenuCommand.swift */; };
		274F16862A1A506100245222 /* MenuBarExtraView.swift in Sources */ = {isa = PBXBuildFile; fileRef = 274F16852A1A506100245222 /* MenuBarExtraView.swift */; };
		274F16892A1A654E00245222 /* SettingsView.swift in Sources */ = {isa = PBXBuildFile; fileRef = 274F16882A1A654E00245222 /* SettingsView.swift */; };
		274F168E2A1AF67B00245222 /* AboutView.swift in Sources */ = {isa = PBXBuildFile; fileRef = 274F168D2A1AF67B00245222 /* AboutView.swift */; };
		2777753A2A15FE4F00D39570 /* Mac_Battery_InspectorApp.swift in Sources */ = {isa = PBXBuildFile; fileRef = 277775392A15FE4F00D39570 /* Mac_Battery_InspectorApp.swift */; };
		2777753C2A15FE4F00D39570 /* ContentView.swift in Sources */ = {isa = PBXBuildFile; fileRef = 2777753B2A15FE4F00D39570 /* ContentView.swift */; };
		2777753E2A15FE5000D39570 /* Assets.xcassets in Resources */ = {isa = PBXBuildFile; fileRef = 2777753D2A15FE5000D39570 /* Assets.xcassets */; };
		277775412A15FE5000D39570 /* Preview Assets.xcassets in Resources */ = {isa = PBXBuildFile; fileRef = 277775402A15FE5000D39570 /* Preview Assets.xcassets */; };
		2777754C2A160FDC00D39570 /* SidebarView.swift in Sources */ = {isa = PBXBuildFile; fileRef = 2777754B2A160FDC00D39570 /* SidebarView.swift */; };
		27AC55462A174FC600A31C08 /* HighlightView.swift in Sources */ = {isa = PBXBuildFile; fileRef = 27AC55452A174FC600A31C08 /* HighlightView.swift */; };
		27AC55482A1754F600A31C08 /* AppleSmartBatteryHelper.swift in Sources */ = {isa = PBXBuildFile; fileRef = 27AC55472A1754F600A31C08 /* AppleSmartBatteryHelper.swift */; };
		27AC554E2A17714700A31C08 /* PowerSourcesHelper.swift in Sources */ = {isa = PBXBuildFile; fileRef = 27AC554D2A17714700A31C08 /* PowerSourcesHelper.swift */; };
		27AC55512A1772B300A31C08 /* RowDataView.swift in Sources */ = {isa = PBXBuildFile; fileRef = 27AC55502A1772B300A31C08 /* RowDataView.swift */; };
		27AC55532A17C09400A31C08 /* Colors.xcassets in Resources */ = {isa = PBXBuildFile; fileRef = 27AC55522A17C09400A31C08 /* Colors.xcassets */; };
		27AC55562A17C38D00A31C08 /* AppleSmartBatteryKeyType.swift in Sources */ = {isa = PBXBuildFile; fileRef = 27AC55552A17C38D00A31C08 /* AppleSmartBatteryKeyType.swift */; };
		27AC55582A17D65C00A31C08 /* ScreenSaverView.swift in Sources */ = {isa = PBXBuildFile; fileRef = 27AC55572A17D65C00A31C08 /* ScreenSaverView.swift */; };
/* End PBXBuildFile section */

/* Begin PBXFileReference section */
		2730904A2A1706EA000635DB /* SidebarType.swift */ = {isa = PBXFileReference; lastKnownFileType = sourcecode.swift; path = SidebarType.swift; sourceTree = "<group>"; };
		2730904E2A171DF6000635DB /* ToolbarView.swift */ = {isa = PBXFileReference; lastKnownFileType = sourcecode.swift; path = ToolbarView.swift; sourceTree = "<group>"; };
		274F16832A18B73F00245222 /* MenuCommand.swift */ = {isa = PBXFileReference; lastKnownFileType = sourcecode.swift; path = MenuCommand.swift; sourceTree = "<group>"; };
		274F16852A1A506100245222 /* MenuBarExtraView.swift */ = {isa = PBXFileReference; lastKnownFileType = sourcecode.swift; path = MenuBarExtraView.swift; sourceTree = "<group>"; };
		274F16882A1A654E00245222 /* SettingsView.swift */ = {isa = PBXFileReference; lastKnownFileType = sourcecode.swift; path = SettingsView.swift; sourceTree = "<group>"; };
		274F168D2A1AF67B00245222 /* AboutView.swift */ = {isa = PBXFileReference; lastKnownFileType = sourcecode.swift; path = AboutView.swift; sourceTree = "<group>"; };
		277775362A15FE4F00D39570 /* Mac Battery Inspector.app */ = {isa = PBXFileReference; explicitFileType = wrapper.application; includeInIndex = 0; path = "Mac Battery Inspector.app"; sourceTree = BUILT_PRODUCTS_DIR; };
		277775392A15FE4F00D39570 /* Mac_Battery_InspectorApp.swift */ = {isa = PBXFileReference; lastKnownFileType = sourcecode.swift; path = Mac_Battery_InspectorApp.swift; sourceTree = "<group>"; };
		2777753B2A15FE4F00D39570 /* ContentView.swift */ = {isa = PBXFileReference; lastKnownFileType = sourcecode.swift; path = ContentView.swift; sourceTree = "<group>"; };
		2777753D2A15FE5000D39570 /* Assets.xcassets */ = {isa = PBXFileReference; lastKnownFileType = folder.assetcatalog; path = Assets.xcassets; sourceTree = "<group>"; };
		277775402A15FE5000D39570 /* Preview Assets.xcassets */ = {isa = PBXFileReference; lastKnownFileType = folder.assetcatalog; path = "Preview Assets.xcassets"; sourceTree = "<group>"; };
		277775422A15FE5000D39570 /* Mac_Battery_Inspector.entitlements */ = {isa = PBXFileReference; lastKnownFileType = text.plist.entitlements; path = Mac_Battery_Inspector.entitlements; sourceTree = "<group>"; };
		2777754B2A160FDC00D39570 /* SidebarView.swift */ = {isa = PBXFileReference; lastKnownFileType = sourcecode.swift; path = SidebarView.swift; sourceTree = "<group>"; };
		27AC55452A174FC600A31C08 /* HighlightView.swift */ = {isa = PBXFileReference; lastKnownFileType = sourcecode.swift; path = HighlightView.swift; sourceTree = "<group>"; };
		27AC55472A1754F600A31C08 /* AppleSmartBatteryHelper.swift */ = {isa = PBXFileReference; lastKnownFileType = sourcecode.swift; path = AppleSmartBatteryHelper.swift; sourceTree = "<group>"; };
		27AC554D2A17714700A31C08 /* PowerSourcesHelper.swift */ = {isa = PBXFileReference; fileEncoding = 4; lastKnownFileType = sourcecode.swift; path = PowerSourcesHelper.swift; sourceTree = "<group>"; };
		27AC55502A1772B300A31C08 /* RowDataView.swift */ = {isa = PBXFileReference; lastKnownFileType = sourcecode.swift; path = RowDataView.swift; sourceTree = "<group>"; };
		27AC55522A17C09400A31C08 /* Colors.xcassets */ = {isa = PBXFileReference; lastKnownFileType = folder.assetcatalog; path = Colors.xcassets; sourceTree = "<group>"; };
		27AC55552A17C38D00A31C08 /* AppleSmartBatteryKeyType.swift */ = {isa = PBXFileReference; lastKnownFileType = sourcecode.swift; path = AppleSmartBatteryKeyType.swift; sourceTree = "<group>"; };
		27AC55572A17D65C00A31C08 /* ScreenSaverView.swift */ = {isa = PBXFileReference; lastKnownFileType = sourcecode.swift; path = ScreenSaverView.swift; sourceTree = "<group>"; };
/* End PBXFileReference section */

/* Begin PBXFrameworksBuildPhase section */
		277775332A15FE4F00D39570 /* Frameworks */ = {
			isa = PBXFrameworksBuildPhase;
			buildActionMask = 2147483647;
			files = (
			);
			runOnlyForDeploymentPostprocessing = 0;
		};
/* End PBXFrameworksBuildPhase section */

/* Begin PBXGroup section */
		273090472A1705A4000635DB /* Sidebar */ = {
			isa = PBXGroup;
			children = (
				273090492A1706C9000635DB /* Model */,
				273090482A170658000635DB /* View */,
			);
			path = Sidebar;
			sourceTree = "<group>";
		};
		273090482A170658000635DB /* View */ = {
			isa = PBXGroup;
			children = (
				2777754B2A160FDC00D39570 /* SidebarView.swift */,
			);
			path = View;
			sourceTree = "<group>";
		};
		273090492A1706C9000635DB /* Model */ = {
			isa = PBXGroup;
			children = (
				2730904A2A1706EA000635DB /* SidebarType.swift */,
			);
			path = Model;
			sourceTree = "<group>";
		};
		2730904C2A171DCF000635DB /* Toolbar */ = {
			isa = PBXGroup;
			children = (
				2730904E2A171DF6000635DB /* ToolbarView.swift */,
			);
			path = Toolbar;
			sourceTree = "<group>";
		};
		274F16822A18B71F00245222 /* Menu */ = {
			isa = PBXGroup;
			children = (
				274F16832A18B73F00245222 /* MenuCommand.swift */,
				274F16852A1A506100245222 /* MenuBarExtraView.swift */,
			);
			path = Menu;
			sourceTree = "<group>";
		};
		274F16872A1A653900245222 /* Settings */ = {
			isa = PBXGroup;
			children = (
				274F16882A1A654E00245222 /* SettingsView.swift */,
			);
			path = Settings;
			sourceTree = "<group>";
		};
		274F168C2A1AF66800245222 /* About */ = {
			isa = PBXGroup;
			children = (
				274F168D2A1AF67B00245222 /* AboutView.swift */,
			);
			path = About;
			sourceTree = "<group>";
		};
		2777752D2A15FE4F00D39570 = {
			isa = PBXGroup;
			children = (
				277775382A15FE4F00D39570 /* Mac-Battery-Inspector */,
				277775372A15FE4F00D39570 /* Products */,
			);
			sourceTree = "<group>";
		};
		277775372A15FE4F00D39570 /* Products */ = {
			isa = PBXGroup;
			children = (
				277775362A15FE4F00D39570 /* Mac Battery Inspector.app */,
			);
			name = Products;
			sourceTree = "<group>";
		};
		277775382A15FE4F00D39570 /* Mac-Battery-Inspector */ = {
			isa = PBXGroup;
			children = (
				277775392A15FE4F00D39570 /* Mac_Battery_InspectorApp.swift */,
				2777753B2A15FE4F00D39570 /* ContentView.swift */,
				273090472A1705A4000635DB /* Sidebar */,
				2730904C2A171DCF000635DB /* Toolbar */,
				274F16822A18B71F00245222 /* Menu */,
				274F168C2A1AF66800245222 /* About */,
				274F16872A1A653900245222 /* Settings */,
				27AC55442A174FA800A31C08 /* Highlight */,
				27AC55492A17708A00A31C08 /* Screen Saver */,
				27AC554A2A17709C00A31C08 /* Row Data */,
				27AC554F2A17716A00A31C08 /* Helper */,
				2777753D2A15FE5000D39570 /* Assets.xcassets */,
				27AC55522A17C09400A31C08 /* Colors.xcassets */,
				277775422A15FE5000D39570 /* Mac_Battery_Inspector.entitlements */,
				2777753F2A15FE5000D39570 /* Preview Content */,
			);
			path = "Mac-Battery-Inspector";
			sourceTree = "<group>";
		};
		2777753F2A15FE5000D39570 /* Preview Content */ = {
			isa = PBXGroup;
			children = (
				277775402A15FE5000D39570 /* Preview Assets.xcassets */,
			);
			path = "Preview Content";
			sourceTree = "<group>";
		};
		27AC55442A174FA800A31C08 /* Highlight */ = {
			isa = PBXGroup;
			children = (
				27AC55452A174FC600A31C08 /* HighlightView.swift */,
			);
			path = Highlight;
			sourceTree = "<group>";
		};
		27AC55492A17708A00A31C08 /* Screen Saver */ = {
			isa = PBXGroup;
			children = (
				27AC55572A17D65C00A31C08 /* ScreenSaverView.swift */,
			);
			path = "Screen Saver";
			sourceTree = "<group>";
		};
		27AC554A2A17709C00A31C08 /* Row Data */ = {
			isa = PBXGroup;
			children = (
				27AC55502A1772B300A31C08 /* RowDataView.swift */,
			);
			path = "Row Data";
			sourceTree = "<group>";
		};
		27AC554F2A17716A00A31C08 /* Helper */ = {
			isa = PBXGroup;
			children = (
				27AC55542A17C37500A31C08 /* Model */,
				27AC55472A1754F600A31C08 /* AppleSmartBatteryHelper.swift */,
				27AC554D2A17714700A31C08 /* PowerSourcesHelper.swift */,
			);
			path = Helper;
			sourceTree = "<group>";
		};
		27AC55542A17C37500A31C08 /* Model */ = {
			isa = PBXGroup;
			children = (
				27AC55552A17C38D00A31C08 /* AppleSmartBatteryKeyType.swift */,
			);
			path = Model;
			sourceTree = "<group>";
		};
/* End PBXGroup section */

/* Begin PBXNativeTarget section */
		277775352A15FE4F00D39570 /* Mac Battery Inspector */ = {
			isa = PBXNativeTarget;
			buildConfigurationList = 277775452A15FE5000D39570 /* Build configuration list for PBXNativeTarget "Mac Battery Inspector" */;
			buildPhases = (
				277775322A15FE4F00D39570 /* Sources */,
				277775332A15FE4F00D39570 /* Frameworks */,
				277775342A15FE4F00D39570 /* Resources */,
			);
			buildRules = (
			);
			dependencies = (
			);
			name = "Mac Battery Inspector";
			productName = "Mac-Battery-Inspector";
			productReference = 277775362A15FE4F00D39570 /* Mac Battery Inspector.app */;
			productType = "com.apple.product-type.application";
		};
/* End PBXNativeTarget section */

/* Begin PBXProject section */
		2777752E2A15FE4F00D39570 /* Project object */ = {
			isa = PBXProject;
			attributes = {
				BuildIndependentTargetsInParallel = 1;
				LastSwiftUpdateCheck = 1430;
				LastUpgradeCheck = 1430;
				TargetAttributes = {
					277775352A15FE4F00D39570 = {
						CreatedOnToolsVersion = 14.3;
					};
				};
			};
			buildConfigurationList = 277775312A15FE4F00D39570 /* Build configuration list for PBXProject "Mac-Battery-Inspector" */;
			compatibilityVersion = "Xcode 14.0";
			developmentRegion = en;
			hasScannedForEncodings = 0;
			knownRegions = (
				en,
				Base,
			);
			mainGroup = 2777752D2A15FE4F00D39570;
			productRefGroup = 277775372A15FE4F00D39570 /* Products */;
			projectDirPath = "";
			projectRoot = "";
			targets = (
				277775352A15FE4F00D39570 /* Mac Battery Inspector */,
			);
		};
/* End PBXProject section */

/* Begin PBXResourcesBuildPhase section */
		277775342A15FE4F00D39570 /* Resources */ = {
			isa = PBXResourcesBuildPhase;
			buildActionMask = 2147483647;
			files = (
				27AC55532A17C09400A31C08 /* Colors.xcassets in Resources */,
				277775412A15FE5000D39570 /* Preview Assets.xcassets in Resources */,
				2777753E2A15FE5000D39570 /* Assets.xcassets in Resources */,
			);
			runOnlyForDeploymentPostprocessing = 0;
		};
/* End PBXResourcesBuildPhase section */

/* Begin PBXSourcesBuildPhase section */
		277775322A15FE4F00D39570 /* Sources */ = {
			isa = PBXSourcesBuildPhase;
			buildActionMask = 2147483647;
			files = (
				274F16842A18B73F00245222 /* MenuCommand.swift in Sources */,
				27AC55512A1772B300A31C08 /* RowDataView.swift in Sources */,
				27AC554E2A17714700A31C08 /* PowerSourcesHelper.swift in Sources */,
				2777753C2A15FE4F00D39570 /* ContentView.swift in Sources */,
				274F168E2A1AF67B00245222 /* AboutView.swift in Sources */,
				274F16862A1A506100245222 /* MenuBarExtraView.swift in Sources */,
				2730904F2A171DF6000635DB /* ToolbarView.swift in Sources */,
				27AC55562A17C38D00A31C08 /* AppleSmartBatteryKeyType.swift in Sources */,
				274F16892A1A654E00245222 /* SettingsView.swift in Sources */,
				27AC55482A1754F600A31C08 /* AppleSmartBatteryHelper.swift in Sources */,
				2777753A2A15FE4F00D39570 /* Mac_Battery_InspectorApp.swift in Sources */,
				27AC55582A17D65C00A31C08 /* ScreenSaverView.swift in Sources */,
				27AC55462A174FC600A31C08 /* HighlightView.swift in Sources */,
				2777754C2A160FDC00D39570 /* SidebarView.swift in Sources */,
				2730904B2A1706EA000635DB /* SidebarType.swift in Sources */,
			);
			runOnlyForDeploymentPostprocessing = 0;
		};
/* End PBXSourcesBuildPhase section */

/* Begin XCBuildConfiguration section */
		277775432A15FE5000D39570 /* Debug */ = {
			isa = XCBuildConfiguration;
			buildSettings = {
				ALWAYS_SEARCH_USER_PATHS = NO;
				CLANG_ANALYZER_NONNULL = YES;
				CLANG_ANALYZER_NUMBER_OBJECT_CONVERSION = YES_AGGRESSIVE;
				CLANG_CXX_LANGUAGE_STANDARD = "gnu++20";
				CLANG_ENABLE_MODULES = YES;
				CLANG_ENABLE_OBJC_ARC = YES;
				CLANG_ENABLE_OBJC_WEAK = YES;
				CLANG_WARN_BLOCK_CAPTURE_AUTORELEASING = YES;
				CLANG_WARN_BOOL_CONVERSION = YES;
				CLANG_WARN_COMMA = YES;
				CLANG_WARN_CONSTANT_CONVERSION = YES;
				CLANG_WARN_DEPRECATED_OBJC_IMPLEMENTATIONS = YES;
				CLANG_WARN_DIRECT_OBJC_ISA_USAGE = YES_ERROR;
				CLANG_WARN_DOCUMENTATION_COMMENTS = YES;
				CLANG_WARN_EMPTY_BODY = YES;
				CLANG_WARN_ENUM_CONVERSION = YES;
				CLANG_WARN_INFINITE_RECURSION = YES;
				CLANG_WARN_INT_CONVERSION = YES;
				CLANG_WARN_NON_LITERAL_NULL_CONVERSION = YES;
				CLANG_WARN_OBJC_IMPLICIT_RETAIN_SELF = YES;
				CLANG_WARN_OBJC_LITERAL_CONVERSION = YES;
				CLANG_WARN_OBJC_ROOT_CLASS = YES_ERROR;
				CLANG_WARN_QUOTED_INCLUDE_IN_FRAMEWORK_HEADER = YES;
				CLANG_WARN_RANGE_LOOP_ANALYSIS = YES;
				CLANG_WARN_STRICT_PROTOTYPES = YES;
				CLANG_WARN_SUSPICIOUS_MOVE = YES;
				CLANG_WARN_UNGUARDED_AVAILABILITY = YES_AGGRESSIVE;
				CLANG_WARN_UNREACHABLE_CODE = YES;
				CLANG_WARN__DUPLICATE_METHOD_MATCH = YES;
				COPY_PHASE_STRIP = NO;
				DEBUG_INFORMATION_FORMAT = dwarf;
				ENABLE_STRICT_OBJC_MSGSEND = YES;
				ENABLE_TESTABILITY = YES;
				GCC_C_LANGUAGE_STANDARD = gnu11;
				GCC_DYNAMIC_NO_PIC = NO;
				GCC_NO_COMMON_BLOCKS = YES;
				GCC_OPTIMIZATION_LEVEL = 0;
				GCC_PREPROCESSOR_DEFINITIONS = (
					"DEBUG=1",
					"$(inherited)",
				);
				GCC_WARN_64_TO_32_BIT_CONVERSION = YES;
				GCC_WARN_ABOUT_RETURN_TYPE = YES_ERROR;
				GCC_WARN_UNDECLARED_SELECTOR = YES;
				GCC_WARN_UNINITIALIZED_AUTOS = YES_AGGRESSIVE;
				GCC_WARN_UNUSED_FUNCTION = YES;
				GCC_WARN_UNUSED_VARIABLE = YES;
				MACOSX_DEPLOYMENT_TARGET = 13.3;
				MTL_ENABLE_DEBUG_INFO = INCLUDE_SOURCE;
				MTL_FAST_MATH = YES;
				ONLY_ACTIVE_ARCH = YES;
				SDKROOT = macosx;
				SWIFT_ACTIVE_COMPILATION_CONDITIONS = DEBUG;
				SWIFT_OPTIMIZATION_LEVEL = "-Onone";
			};
			name = Debug;
		};
		277775442A15FE5000D39570 /* Release */ = {
			isa = XCBuildConfiguration;
			buildSettings = {
				ALWAYS_SEARCH_USER_PATHS = NO;
				CLANG_ANALYZER_NONNULL = YES;
				CLANG_ANALYZER_NUMBER_OBJECT_CONVERSION = YES_AGGRESSIVE;
				CLANG_CXX_LANGUAGE_STANDARD = "gnu++20";
				CLANG_ENABLE_MODULES = YES;
				CLANG_ENABLE_OBJC_ARC = YES;
				CLANG_ENABLE_OBJC_WEAK = YES;
				CLANG_WARN_BLOCK_CAPTURE_AUTORELEASING = YES;
				CLANG_WARN_BOOL_CONVERSION = YES;
				CLANG_WARN_COMMA = YES;
				CLANG_WARN_CONSTANT_CONVERSION = YES;
				CLANG_WARN_DEPRECATED_OBJC_IMPLEMENTATIONS = YES;
				CLANG_WARN_DIRECT_OBJC_ISA_USAGE = YES_ERROR;
				CLANG_WARN_DOCUMENTATION_COMMENTS = YES;
				CLANG_WARN_EMPTY_BODY = YES;
				CLANG_WARN_ENUM_CONVERSION = YES;
				CLANG_WARN_INFINITE_RECURSION = YES;
				CLANG_WARN_INT_CONVERSION = YES;
				CLANG_WARN_NON_LITERAL_NULL_CONVERSION = YES;
				CLANG_WARN_OBJC_IMPLICIT_RETAIN_SELF = YES;
				CLANG_WARN_OBJC_LITERAL_CONVERSION = YES;
				CLANG_WARN_OBJC_ROOT_CLASS = YES_ERROR;
				CLANG_WARN_QUOTED_INCLUDE_IN_FRAMEWORK_HEADER = YES;
				CLANG_WARN_RANGE_LOOP_ANALYSIS = YES;
				CLANG_WARN_STRICT_PROTOTYPES = YES;
				CLANG_WARN_SUSPICIOUS_MOVE = YES;
				CLANG_WARN_UNGUARDED_AVAILABILITY = YES_AGGRESSIVE;
				CLANG_WARN_UNREACHABLE_CODE = YES;
				CLANG_WARN__DUPLICATE_METHOD_MATCH = YES;
				COPY_PHASE_STRIP = NO;
				DEBUG_INFORMATION_FORMAT = "dwarf-with-dsym";
				ENABLE_NS_ASSERTIONS = NO;
				ENABLE_STRICT_OBJC_MSGSEND = YES;
				GCC_C_LANGUAGE_STANDARD = gnu11;
				GCC_NO_COMMON_BLOCKS = YES;
				GCC_WARN_64_TO_32_BIT_CONVERSION = YES;
				GCC_WARN_ABOUT_RETURN_TYPE = YES_ERROR;
				GCC_WARN_UNDECLARED_SELECTOR = YES;
				GCC_WARN_UNINITIALIZED_AUTOS = YES_AGGRESSIVE;
				GCC_WARN_UNUSED_FUNCTION = YES;
				GCC_WARN_UNUSED_VARIABLE = YES;
				MACOSX_DEPLOYMENT_TARGET = 13.3;
				MTL_ENABLE_DEBUG_INFO = NO;
				MTL_FAST_MATH = YES;
				SDKROOT = macosx;
				SWIFT_COMPILATION_MODE = wholemodule;
				SWIFT_OPTIMIZATION_LEVEL = "-O";
			};
			name = Release;
		};
		277775462A15FE5000D39570 /* Debug */ = {
			isa = XCBuildConfiguration;
			buildSettings = {
				ASSETCATALOG_COMPILER_APPICON_NAME = AppIcon;
				ASSETCATALOG_COMPILER_GLOBAL_ACCENT_COLOR_NAME = AccentColor;
				CODE_SIGN_ENTITLEMENTS = "Mac-Battery-Inspector/Mac_Battery_Inspector.entitlements";
				CODE_SIGN_STYLE = Automatic;
				COMBINE_HIDPI_IMAGES = YES;
				CURRENT_PROJECT_VERSION = 1;
				DEVELOPMENT_ASSET_PATHS = "\"Mac-Battery-Inspector/Preview Content\"";
				DEVELOPMENT_TEAM = 24SCJHS57L;
				ENABLE_HARDENED_RUNTIME = YES;
				ENABLE_PREVIEWS = YES;
				GENERATE_INFOPLIST_FILE = YES;
				INFOPLIST_KEY_CFBundleDisplayName = "Mac Battery Inspector";
				INFOPLIST_KEY_NSHumanReadableCopyright = "";
				LD_RUNPATH_SEARCH_PATHS = (
					"$(inherited)",
					"@executable_path/../Frameworks",
				);
				MARKETING_VERSION = 1.0.0;
				PRODUCT_BUNDLE_IDENTIFIER = "com.Ricky.Mac-Battery-Inspector";
				PRODUCT_NAME = "$(TARGET_NAME)";
				SWIFT_EMIT_LOC_STRINGS = YES;
				SWIFT_VERSION = 5.0;
			};
			name = Debug;
		};
		277775472A15FE5000D39570 /* Release */ = {
			isa = XCBuildConfiguration;
			buildSettings = {
				ASSETCATALOG_COMPILER_APPICON_NAME = AppIcon;
				ASSETCATALOG_COMPILER_GLOBAL_ACCENT_COLOR_NAME = AccentColor;
				CODE_SIGN_ENTITLEMENTS = "Mac-Battery-Inspector/Mac_Battery_Inspector.entitlements";
				CODE_SIGN_STYLE = Automatic;
				COMBINE_HIDPI_IMAGES = YES;
				CURRENT_PROJECT_VERSION = 1;
				DEVELOPMENT_ASSET_PATHS = "\"Mac-Battery-Inspector/Preview Content\"";
				DEVELOPMENT_TEAM = 24SCJHS57L;
				ENABLE_HARDENED_RUNTIME = YES;
				ENABLE_PREVIEWS = YES;
				GENERATE_INFOPLIST_FILE = YES;
				INFOPLIST_KEY_CFBundleDisplayName = "Mac Battery Inspector";
				INFOPLIST_KEY_NSHumanReadableCopyright = "";
				LD_RUNPATH_SEARCH_PATHS = (
					"$(inherited)",
					"@executable_path/../Frameworks",
				);
				MARKETING_VERSION = 1.0.0;
				PRODUCT_BUNDLE_IDENTIFIER = "com.Ricky.Mac-Battery-Inspector";
				PRODUCT_NAME = "$(TARGET_NAME)";
				SWIFT_EMIT_LOC_STRINGS = YES;
				SWIFT_VERSION = 5.0;
			};
			name = Release;
		};
/* End XCBuildConfiguration section */

/* Begin XCConfigurationList section */
		277775312A15FE4F00D39570 /* Build configuration list for PBXProject "Mac-Battery-Inspector" */ = {
			isa = XCConfigurationList;
			buildConfigurations = (
				277775432A15FE5000D39570 /* Debug */,
				277775442A15FE5000D39570 /* Release */,
			);
			defaultConfigurationIsVisible = 0;
			defaultConfigurationName = Release;
		};
		277775452A15FE5000D39570 /* Build configuration list for PBXNativeTarget "Mac Battery Inspector" */ = {
			isa = XCConfigurationList;
			buildConfigurations = (
				277775462A15FE5000D39570 /* Debug */,
				277775472A15FE5000D39570 /* Release */,
			);
			defaultConfigurationIsVisible = 0;
			defaultConfigurationName = Release;
		};
/* End XCConfigurationList section */
	};
	rootObject = 2777752E2A15FE4F00D39570 /* Project object */;
}
